github.com/go-telegram-bot-api/docs v0.0.0-20181109235159-b89f38c30182 h1:el3FPtEigFzfCE7SFSuZvVEYt1KvW2XFwkTOY24xPTY=
github.com/go-telegram-bot-api/docs v0.0.0-20181109235159-b89f38c30182/go.mod h1:ln/Q09Pjb9EfZ8FkwDIigPJpIf0eEiXuZySB8i06rTI=
github.com/go-telegram-bot-api/telegram-bot-api v4.6.4+incompatible h1:2cauKuaELYAEARXRkq2LrJ0yDDv1rW7+wrTEdVL3uaU=
github.com/go-telegram-bot-api/telegram-bot-api v4.6.4+incompatible/go.mod h1:qf9acutJ8cwBUhm1bqgz6Bei9/C/c93FPDljKWwsOgM=
github.com/technoweenie/multipartstreamer v1.0.1 h1:XRztA5MXiR1TIRHxH2uNxXxaIkKQDeX7m2XsSOlQEnM=
github.com/technoweenie/multipartstreamer v1.0.1/go.mod h1:jNVxdtShOxzAsukZwTSw6MDx5eUJoiEBsSvzDU9uzog=
